
Microsoft Visual Studio Solution File, Format Version 12.00
# Visual Studio Version 16
VisualStudioVersion = 16.0.31515.178
MinimumVisualStudioVersion = 10.0.40219.1
Project("{FAE04EC0-301F-11D3-BF4B-00C04F79EFBC}") = "SalesWebMvc", "SalesWebMvc\SalesWebMvc.csproj", "{36816A94-6CC4-413B-8DFE-CA184746541C}"
EndProject
Global
	GlobalSection(SolutionConfigurationPlatforms) = preSolution
		Debug|Any CPU = Debug|Any CPU
		Release|Any CPU = Release|Any CPU
	EndGlobalSection
	GlobalSection(ProjectConfigurationPlatforms) = postSolution
		{36816A94-6CC4-413B-8DFE-CA184746541C}.Debug|Any CPU.ActiveCfg = Debug|Any CPU
		{36816A94-6CC4-413B-8DFE-CA184746541C}.Debug|Any CPU.Build.0 = Debug|Any CPU
		{36816A94-6CC4-413B-8DFE-CA184746541C}.Release|Any CPU.ActiveCfg = Release|Any CPU
		{36816A94-6CC4-413B-8DFE-CA184746541C}.Release|Any CPU.Build.0 = Release|Any CPU
	EndGlobalSection
	GlobalSection(SolutionProperties) = preSolution
		HideSolutionNode = FALSE
	EndGlobalSection
	GlobalSection(ExtensibilityGlobals) = postSolution
		SolutionGuid = {73D28E4E-31A1-409E-8B19-D0E03F5CFE2B}
	EndGlobalSection
EndGlobal
